
Microsoft Visual Studio Solution File, Format Version 12.00
# Visual Studio Version 16
VisualStudioVersion = 16.0.31019.35
MinimumVisualStudioVersion = 10.0.40219.1
Project("{FAE04EC0-301F-11D3-BF4B-00C04F79EFBC}") = "ReferenceTypes", "ReferenceTypes\ReferenceTypes.csproj", "{BA926EAF-329B-42F4-AF30-ACF90AAC7BE3}"
EndProject
Project("{FAE04EC0-301F-11D3-BF4B-00C04F79EFBC}") = "ValueTypes", "ValueTypes\ValueTypes.csproj", "{D027E95D-27B7-4EA2-BAC2-9D9ED6AFFDE0}"
EndProject
Global
	GlobalSection(SolutionConfigurationPlatforms) = preSolution
		Debug|Any CPU = Debug|Any CPU
		Release|Any CPU = Release|Any CPU
	EndGlobalSection
	GlobalSection(ProjectConfigurationPlatforms) = postSolution
		{BA926EAF-329B-42F4-AF30-ACF90AAC7BE3}.Debug|Any CPU.ActiveCfg = Debug|Any CPU
		{BA926EAF-329B-42F4-AF30-ACF90AAC7BE3}.Debug|Any CPU.Build.0 = Debug|Any CPU
		{BA926EAF-329B-42F4-AF30-ACF90AAC7BE3}.Release|Any CPU.ActiveCfg = Release|Any CPU
		{BA926EAF-329B-42F4-AF30-ACF90AAC7BE3}.Release|Any CPU.Build.0 = Release|Any CPU
		{D027E95D-27B7-4EA2-BAC2-9D9ED6AFFDE0}.Debug|Any CPU.ActiveCfg = Debug|Any CPU
		{D027E95D-27B7-4EA2-BAC2-9D9ED6AFFDE0}.Debug|Any CPU.Build.0 = Debug|Any CPU
		{D027E95D-27B7-4EA2-BAC2-9D9ED6AFFDE0}.Release|Any CPU.ActiveCfg = Release|Any CPU
		{D027E95D-27B7-4EA2-BAC2-9D9ED6AFFDE0}.Release|Any CPU.Build.0 = Release|Any CPU
	EndGlobalSection
	GlobalSection(SolutionProperties) = preSolution
		HideSolutionNode = FALSE
	EndGlobalSection
	GlobalSection(ExtensibilityGlobals) = postSolution
		SolutionGuid = {63BA9C70-1832-4F9C-8F17-CD9223ED1892}
	EndGlobalSection
EndGlobal
